// !$*UTF8*$!
{
	archiveVersion = 1;
	classes = {
	};
	objectVersion = 44;
	objects = {

/* Begin PBXBuildFile section */
		8DD76F650486A84900D96B5E /* main.c in Sources */ = {isa = PBXBuildFile; fileRef = 08FB7796FE84155DC02AAC07 /* main.c */; settings = {ATTRIBUTES = (); }; };
		8DD76F6A0486A84900D96B5E /* PyKerberos.1 in CopyFiles */ = {isa = PBXBuildFile; fileRef = C6859E8B029090EE04C91782 /* PyKerberos.1 */; };
		AF88E9500FBA416E00C5AA9C /* kerberospw.c in Sources */ = {isa = PBXBuildFile; fileRef = AF88E94E0FBA416E00C5AA9C /* kerberospw.c */; };
		AFDE37FE0BB41E1D008C037E /* base64.c in Sources */ = {isa = PBXBuildFile; fileRef = AFDE37F80BB41E1D008C037E /* base64.c */; };
		AFDE37FF0BB41E1D008C037E /* kerberosbasic.c in Sources */ = {isa = PBXBuildFile; fileRef = AFDE37FA0BB41E1D008C037E /* kerberosbasic.c */; };
		AFDE38000BB41E1D008C037E /* kerberosgss.c in Sources */ = {isa = PBXBuildFile; fileRef = AFDE37FC0BB41E1D008C037E /* kerberosgss.c */; };
		AFDE380C0BB41EB7008C037E /* Python.framework in Frameworks */ = {isa = PBXBuildFile; fileRef = AFDE380B0BB41EB7008C037E /* Python.framework */; };
		AFDE38340BB41FCE008C037E /* Kerberos.framework in Frameworks */ = {isa = PBXBuildFile; fileRef = AFDE38330BB41FCE008C037E /* Kerberos.framework */; };
		AFDE383B0BB41FFA008C037E /* kerberos.c in Sources */ = {isa = PBXBuildFile; fileRef = AFDE383A0BB41FFA008C037E /* kerberos.c */; };
/* End PBXBuildFile section */

/* Begin PBXCopyFilesBuildPhase section */
		8DD76F690486A84900D96B5E /* CopyFiles */ = {
			isa = PBXCopyFilesBuildPhase;
			buildActionMask = 8;
			dstPath = /usr/share/man/man1/;
			dstSubfolderSpec = 0;
			files = (
				8DD76F6A0486A84900D96B5E /* PyKerberos.1 in CopyFiles */,
			);
			runOnlyForDeploymentPostprocessing = 1;
		};
/* End PBXCopyFilesBuildPhase section */

/* Begin PBXFileReference section */
		08FB7796FE84155DC02AAC07 /* main.c */ = {isa = PBXFileReference; fileEncoding = 4; lastKnownFileType = sourcecode.c.c; path = main.c; sourceTree = "<group>"; };
		8DD76F6C0486A84900D96B5E /* PyKerberos */ = {isa = PBXFileReference; explicitFileType = "compiled.mach-o.executable"; includeInIndex = 0; path = PyKerberos; sourceTree = BUILT_PRODUCTS_DIR; };
		AF88E94E0FBA416E00C5AA9C /* kerberospw.c */ = {isa = PBXFileReference; fileEncoding = 4; lastKnownFileType = sourcecode.c.c; name = kerberospw.c; path = ../src/kerberospw.c; sourceTree = SOURCE_ROOT; };
		AF88E94F0FBA416E00C5AA9C /* kerberospw.h */ = {isa = PBXFileReference; fileEncoding = 4; lastKnownFileType = sourcecode.c.h; name = kerberospw.h; path = ../src/kerberospw.h; sourceTree = SOURCE_ROOT; };
		AFDE37F80BB41E1D008C037E /* base64.c */ = {isa = PBXFileReference; fileEncoding = 30; lastKnownFileType = sourcecode.c.c; name = base64.c; path = ../src/base64.c; sourceTree = SOURCE_ROOT; };
		AFDE37F90BB41E1D008C037E /* base64.h */ = {isa = PBXFileReference; fileEncoding = 30; lastKnownFileType = sourcecode.c.h; name = base64.h; path = ../src/base64.h; sourceTree = SOURCE_ROOT; };
		AFDE37FA0BB41E1D008C037E /* kerberosbasic.c */ = {isa = PBXFileReference; fileEncoding = 30; lastKnownFileType = sourcecode.c.c; name = kerberosbasic.c; path = ../src/kerberosbasic.c; sourceTree = SOURCE_ROOT; };
		AFDE37FB0BB41E1D008C037E /* kerberosbasic.h */ = {isa = PBXFileReference; fileEncoding = 30; lastKnownFileType = sourcecode.c.h; name = kerberosbasic.h; path = ../src/kerberosbasic.h; sourceTree = SOURCE_ROOT; };
		AFDE37FC0BB41E1D008C037E /* kerberosgss.c */ = {isa = PBXFileReference; fileEncoding = 30; lastKnownFileType = sourcecode.c.c; name = kerberosgss.c; path = ../src/kerberosgss.c; sourceTree = SOURCE_ROOT; };
		AFDE37FD0BB41E1D008C037E /* kerberosgss.h */ = {isa = PBXFileReference; fileEncoding = 30; lastKnownFileType = sourcecode.c.h; name = kerberosgss.h; path = ../src/kerberosgss.h; sourceTree = SOURCE_ROOT; };
		AFDE380B0BB41EB7008C037E /* Python.framework */ = {isa = PBXFileReference; lastKnownFileType = wrapper.framework; name = Python.framework; path = /System/Library/Frameworks/Python.framework; sourceTree = "<absolute>"; };
		AFDE38330BB41FCE008C037E /* Kerberos.framework */ = {isa = PBXFileReference; lastKnownFileType = wrapper.framework; name = Kerberos.framework; path = /System/Library/Frameworks/Kerberos.framework; sourceTree = "<absolute>"; };
		AFDE383A0BB41FFA008C037E /* kerberos.c */ = {isa = PBXFileReference; fileEncoding = 30; lastKnownFileType = sourcecode.c.c; name = kerberos.c; path = ../src/kerberos.c; sourceTree = SOURCE_ROOT; };
		C6859E8B029090EE04C91782 /* PyKerberos.1 */ = {isa = PBXFileReference; lastKnownFileType = text.man; path = PyKerberos.1; sourceTree = "<group>"; };
/* End PBXFileReference section */

/* Begin PBXFrameworksBuildPhase section */
		8DD76F660486A84900D96B5E /* Frameworks */ = {
			isa = PBXFrameworksBuildPhase;
			buildActionMask = 2147483647;
			files = (
				AFDE380C0BB41EB7008C037E /* Python.framework in Frameworks */,
				AFDE38340BB41FCE008C037E /* Kerberos.framework in Frameworks */,
			);
			runOnlyForDeploymentPostprocessing = 0;
		};
/* End PBXFrameworksBuildPhase section */

/* Begin PBXGroup section */
		08FB7794FE84155DC02AAC07 /* PyKerberos */ = {
			isa = PBXGroup;
			children = (
				08FB7795FE84155DC02AAC07 /* Source */,
				AFDE38300BB41F71008C037E /* Frameworks */,
				C6859E8C029090F304C91782 /* Documentation */,
				1AB674ADFE9D54B511CA2CBB /* Products */,
			);
			name = PyKerberos;
			sourceTree = "<group>";
		};
		08FB7795FE84155DC02AAC07 /* Source */ = {
			isa = PBXGroup;
			children = (
				AFDE383A0BB41FFA008C037E /* kerberos.c */,
				AFDE37F80BB41E1D008C037E /* base64.c */,
				AFDE37F90BB41E1D008C037E /* base64.h */,
				AFDE37FA0BB41E1D008C037E /* kerberosbasic.c */,
				AFDE37FB0BB41E1D008C037E /* kerberosbasic.h */,
				AFDE37FC0BB41E1D008C037E /* kerberosgss.c */,
				AFDE37FD0BB41E1D008C037E /* kerberosgss.h */,
				AF88E94E0FBA416E00C5AA9C /* kerberospw.c */,
				AF88E94F0FBA416E00C5AA9C /* kerberospw.h */,
				08FB7796FE84155DC02AAC07 /* main.c */,
			);
			name = Source;
			sourceTree = "<group>";
		};
		1AB674ADFE9D54B511CA2CBB /* Products */ = {
			isa = PBXGroup;
			children = (
				8DD76F6C0486A84900D96B5E /* PyKerberos */,
			);
			name = Products;
			sourceTree = "<group>";
		};
		AFDE38300BB41F71008C037E /* Frameworks */ = {
			isa = PBXGroup;
			children = (
				AFDE38330BB41FCE008C037E /* Kerberos.framework */,
				AFDE380B0BB41EB7008C037E /* Python.framework */,
			);
			name = Frameworks;
			sourceTree = "<group>";
		};
		C6859E8C029090F304C91782 /* Documentation */ = {
			isa = PBXGroup;
			children = (
				C6859E8B029090EE04C91782 /* PyKerberos.1 */,
			);
			name = Documentation;
			sourceTree = "<group>";
		};
/* End PBXGroup section */

/* Begin PBXNativeTarget section */
		8DD76F620486A84900D96B5E /* PyKerberos */ = {
			isa = PBXNativeTarget;
			buildConfigurationList = 1DEB923108733DC60010E9CD /* Build configuration list for PBXNativeTarget "PyKerberos" */;
			buildPhases = (
				8DD76F640486A84900D96B5E /* Sources */,
				8DD76F660486A84900D96B5E /* Frameworks */,
				8DD76F690486A84900D96B5E /* CopyFiles */,
			);
			buildRules = (
			);
			dependencies = (
			);
			name = PyKerberos;
			productInstallPath = "$(HOME)/bin";
			productName = PyKerberos;
			productReference = 8DD76F6C0486A84900D96B5E /* PyKerberos */;
			productType = "com.apple.product-type.tool";
		};
/* End PBXNativeTarget section */

/* Begin PBXProject section */
		08FB7793FE84155DC02AAC07 /* Project object */ = {
			isa = PBXProject;
			buildConfigurationList = 1DEB923508733DC60010E9CD /* Build configuration list for PBXProject "PyKerberos" */;
			compatibilityVersion = "Xcode 3.0";
			hasScannedForEncodings = 1;
			mainGroup = 08FB7794FE84155DC02AAC07 /* PyKerberos */;
			projectDirPath = "";
			projectRoot = "";
			targets = (
				8DD76F620486A84900D96B5E /* PyKerberos */,
			);
		};
/* End PBXProject section */

/* Begin PBXSourcesBuildPhase section */
		8DD76F640486A84900D96B5E /* Sources */ = {
			isa = PBXSourcesBuildPhase;
			buildActionMask = 2147483647;
			files = (
				8DD76F650486A84900D96B5E /* main.c in Sources */,
				AFDE37FE0BB41E1D008C037E /* base64.c in Sources */,
				AFDE37FF0BB41E1D008C037E /* kerberosbasic.c in Sources */,
				AFDE38000BB41E1D008C037E /* kerberosgss.c in Sources */,
				AFDE383B0BB41FFA008C037E /* kerberos.c in Sources */,
				AF88E9500FBA416E00C5AA9C /* kerberospw.c in Sources */,
			);
			runOnlyForDeploymentPostprocessing = 0;
		};
/* End PBXSourcesBuildPhase section */

/* Begin XCBuildConfiguration section */
		1DEB923208733DC60010E9CD /* Debug */ = {
			isa = XCBuildConfiguration;
			buildSettings = {
				COPY_PHASE_STRIP = NO;
				GCC_DYNAMIC_NO_PIC = NO;
				GCC_ENABLE_FIX_AND_CONTINUE = YES;
				GCC_MODEL_TUNING = G5;
				GCC_OPTIMIZATION_LEVEL = 0;
				GCC_PREPROCESSOR_DEFINITIONS = (
					"_GLIBCXX_DEBUG=1",
					"_GLIBCXX_DEBUG_PEDANTIC=1",
				);
				HEADER_SEARCH_PATHS = "/System/Library/Frameworks/Python.framework/Headers/**";
				INSTALL_PATH = /usr/local/bin;
				PRODUCT_NAME = PyKerberos;
				ZERO_LINK = YES;
			};
			name = Debug;
		};
		1DEB923308733DC60010E9CD /* Release */ = {
			isa = XCBuildConfiguration;
			buildSettings = {
				ARCHS = (
					ppc,
					i386,
				);
				DEBUG_INFORMATION_FORMAT = "dwarf-with-dsym";
				GCC_MODEL_TUNING = G5;
				HEADER_SEARCH_PATHS = "/System/Library/Frameworks/Python.framework/Headers/**";
				INSTALL_PATH = /usr/local/bin;
				PRODUCT_NAME = PyKerberos;
			};
			name = Release;
		};
		1DEB923608733DC60010E9CD /* Debug */ = {
			isa = XCBuildConfiguration;
			buildSettings = {
				GCC_WARN_ABOUT_RETURN_TYPE = YES;
				GCC_WARN_UNUSED_VARIABLE = YES;
				PREBINDING = NO;
				SDKROOT = "$(DEVELOPER_SDK_DIR)/MacOSX10.5.sdk";
			};
			name = Debug;
		};
		1DEB923708733DC60010E9CD /* Release */ = {
			isa = XCBuildConfiguration;
			buildSettings = {
				GCC_WARN_ABOUT_RETURN_TYPE = YES;
				GCC_WARN_UNUSED_VARIABLE = YES;
				HEADER_SEARCH_PATHS = "";
				PREBINDING = NO;
				SDKROOT = "$(DEVELOPER_SDK_DIR)/MacOSX10.5.sdk";
				USER_HEADER_SEARCH_PATHS = ..src;
			};
			name = Release;
		};
/* End XCBuildConfiguration section */

/* Begin XCConfigurationList section */
		1DEB923108733DC60010E9CD /* Build configuration list for PBXNativeTarget "PyKerberos" */ = {
			isa = XCConfigurationList;
			buildConfigurations = (
				1DEB923208733DC60010E9CD /* Debug */,
				1DEB923308733DC60010E9CD /* Release */,
			);
			defaultConfigurationIsVisible = 0;
			defaultConfigurationName = Release;
		};
		1DEB923508733DC60010E9CD /* Build configuration list for PBXProject "PyKerberos" */ = {
			isa = XCConfigurationList;
			buildConfigurations = (
				1DEB923608733DC60010E9CD /* Debug */,
				1DEB923708733DC60010E9CD /* Release */,
			);
			defaultConfigurationIsVisible = 0;
			defaultConfigurationName = Release;
		};
/* End XCConfigurationList section */
	};
	rootObject = 08FB7793FE84155DC02AAC07 /* Project object */;
}
